// !$*UTF8*$!
{
	archiveVersion = 1;
	classes = {
	};
	objectVersion = 46;
	objects = {

/* Begin PBXBuildFile section */
		9EAD57E91E08D92B008C5099 /* AppDelegate.swift in Sources */ = {isa = PBXBuildFile; fileRef = 9EAD57E81E08D92B008C5099 /* AppDelegate.swift */; };
		9EAD57EB1E08D92B008C5099 /* ViewController.swift in Sources */ = {isa = PBXBuildFile; fileRef = 9EAD57EA1E08D92B008C5099 /* ViewController.swift */; };
		9EAD57EE1E08D92B008C5099 /* Main.storyboard in Resources */ = {isa = PBXBuildFile; fileRef = 9EAD57EC1E08D92B008C5099 /* Main.storyboard */; };
		9EAD57F01E08D92B008C5099 /* Assets.xcassets in Resources */ = {isa = PBXBuildFile; fileRef = 9EAD57EF1E08D92B008C5099 /* Assets.xcassets */; };
		9EAD57F31E08D92B008C5099 /* LaunchScreen.storyboard in Resources */ = {isa = PBXBuildFile; fileRef = 9EAD57F11E08D92B008C5099 /* LaunchScreen.storyboard */; };
/* End PBXBuildFile section */

/* Begin PBXFileReference section */
		9EAD57E51E08D92B008C5099 /* SizeMeUpSample.app */ = {isa = PBXFileReference; explicitFileType = wrapper.application; includeInIndex = 0; path = SizeMeUpSample.app; sourceTree = BUILT_PRODUCTS_DIR; };
		9EAD57E81E08D92B008C5099 /* AppDelegate.swift */ = {isa = PBXFileReference; lastKnownFileType = sourcecode.swift; path = AppDelegate.swift; sourceTree = "<group>"; };
		9EAD57EA1E08D92B008C5099 /* ViewController.swift */ = {isa = PBXFileReference; lastKnownFileType = sourcecode.swift; path = ViewController.swift; sourceTree = "<group>"; };
		9EAD57ED1E08D92B008C5099 /* Base */ = {isa = PBXFileReference; lastKnownFileType = file.storyboard; name = Base; path = Base.lproj/Main.storyboard; sourceTree = "<group>"; };
		9EAD57EF1E08D92B008C5099 /* Assets.xcassets */ = {isa = PBXFileReference; lastKnownFileType = folder.assetcatalog; path = Assets.xcassets; sourceTree = "<group>"; };
		9EAD57F21E08D92B008C5099 /* Base */ = {isa = PBXFileReference; lastKnownFileType = file.storyboard; name = Base; path = Base.lproj/LaunchScreen.storyboard; sourceTree = "<group>"; };
		9EAD57F41E08D92B008C5099 /* Info.plist */ = {isa = PBXFileReference; lastKnownFileType = text.plist.xml; path = Info.plist; sourceTree = "<group>"; };
/* End PBXFileReference section */

/* Begin PBXFrameworksBuildPhase section */
		9EAD57E21E08D92B008C5099 /* Frameworks */ = {
			isa = PBXFrameworksBuildPhase;
			buildActionMask = 2147483647;
			files = (
			);
			runOnlyForDeploymentPostprocessing = 0;
		};
/* End PBXFrameworksBuildPhase section */

/* Begin PBXGroup section */
		9EAD57DC1E08D92B008C5099 = {
			isa = PBXGroup;
			children = (
				9EAD57E71E08D92B008C5099 /* SizeMeUpSample */,
				9EAD57E61E08D92B008C5099 /* Products */,
			);
			sourceTree = "<group>";
		};
		9EAD57E61E08D92B008C5099 /* Products */ = {
			isa = PBXGroup;
			children = (
				9EAD57E51E08D92B008C5099 /* SizeMeUpSample.app */,
			);
			name = Products;
			sourceTree = "<group>";
		};
		9EAD57E71E08D92B008C5099 /* SizeMeUpSample */ = {
			isa = PBXGroup;
			children = (
				9EAD57E81E08D92B008C5099 /* AppDelegate.swift */,
				9EAD57EA1E08D92B008C5099 /* ViewController.swift */,
				9EAD57EC1E08D92B008C5099 /* Main.storyboard */,
				9EAD57EF1E08D92B008C5099 /* Assets.xcassets */,
				9EAD57F11E08D92B008C5099 /* LaunchScreen.storyboard */,
				9EAD57F41E08D92B008C5099 /* Info.plist */,
			);
			path = SizeMeUpSample;
			sourceTree = "<group>";
		};
/* End PBXGroup section */

/* Begin PBXNativeTarget section */
		9EAD57E41E08D92B008C5099 /* SizeMeUpSample */ = {
			isa = PBXNativeTarget;
			buildConfigurationList = 9EAD57F71E08D92B008C5099 /* Build configuration list for PBXNativeTarget "SizeMeUpSample" */;
			buildPhases = (
				9EAD57E11E08D92B008C5099 /* Sources */,
				9EAD57E21E08D92B008C5099 /* Frameworks */,
				9EAD57E31E08D92B008C5099 /* Resources */,
			);
			buildRules = (
			);
			dependencies = (
			);
			name = SizeMeUpSample;
			productName = SizeMeUpSample;
			productReference = 9EAD57E51E08D92B008C5099 /* SizeMeUpSample.app */;
			productType = "com.apple.product-type.application";
		};
/* End PBXNativeTarget section */

/* Begin PBXProject section */
		9EAD57DD1E08D92B008C5099 /* Project object */ = {
			isa = PBXProject;
			attributes = {
				LastSwiftUpdateCheck = 0810;
				LastUpgradeCheck = 0810;
				ORGANIZATIONNAME = "Guilherme Ruiz";
				TargetAttributes = {
					9EAD57E41E08D92B008C5099 = {
						CreatedOnToolsVersion = 8.1;
						ProvisioningStyle = Automatic;
					};
				};
			};
			buildConfigurationList = 9EAD57E01E08D92B008C5099 /* Build configuration list for PBXProject "SizeMeUpSample" */;
			compatibilityVersion = "Xcode 3.2";
			developmentRegion = English;
			hasScannedForEncodings = 0;
			knownRegions = (
				en,
				Base,
			);
			mainGroup = 9EAD57DC1E08D92B008C5099;
			productRefGroup = 9EAD57E61E08D92B008C5099 /* Products */;
			projectDirPath = "";
			projectRoot = "";
			targets = (
				9EAD57E41E08D92B008C5099 /* SizeMeUpSample */,
			);
		};
/* End PBXProject section */

/* Begin PBXResourcesBuildPhase section */
		9EAD57E31E08D92B008C5099 /* Resources */ = {
			isa = PBXResourcesBuildPhase;
			buildActionMask = 2147483647;
			files = (
				9EAD57F31E08D92B008C5099 /* LaunchScreen.storyboard in Resources */,
				9EAD57F01E08D92B008C5099 /* Assets.xcassets in Resources */,
				9EAD57EE1E08D92B008C5099 /* Main.storyboard in Resources */,
			);
			runOnlyForDeploymentPostprocessing = 0;
		};
/* End PBXResourcesBuildPhase section */

/* Begin PBXSourcesBuildPhase section */
		9EAD57E11E08D92B008C5099 /* Sources */ = {
			isa = PBXSourcesBuildPhase;
			buildActionMask = 2147483647;
			files = (
				9EAD57EB1E08D92B008C5099 /* ViewController.swift in Sources */,
				9EAD57E91E08D92B008C5099 /* AppDelegate.swift in Sources */,
			);
			runOnlyForDeploymentPostprocessing = 0;
		};
/* End PBXSourcesBuildPhase section */

/* Begin PBXVariantGroup section */
		9EAD57EC1E08D92B008C5099 /* Main.storyboard */ = {
			isa = PBXVariantGroup;
			children = (
				9EAD57ED1E08D92B008C5099 /* Base */,
			);
			name = Main.storyboard;
			sourceTree = "<group>";
		};
		9EAD57F11E08D92B008C5099 /* LaunchScreen.storyboard */ = {
			isa = PBXVariantGroup;
			children = (
				9EAD57F21E08D92B008C5099 /* Base */,
			);
			name = LaunchScreen.storyboard;
			sourceTree = "<group>";
		};
/* End PBXVariantGroup section */

/* Begin XCBuildConfiguration section */
		9EAD57F51E08D92B008C5099 /* Debug */ = {
			isa = XCBuildConfiguration;
			buildSettings = {
				ALWAYS_SEARCH_USER_PATHS = NO;
				CLANG_ANALYZER_NONNULL = YES;
				CLANG_CXX_LANGUAGE_STANDARD = "gnu++0x";
				CLANG_CXX_LIBRARY = "libc++";
				CLANG_ENABLE_MODULES = YES;
				CLANG_ENABLE_OBJC_ARC = YES;
				CLANG_WARN_BOOL_CONVERSION = YES;
				CLANG_WARN_CONSTANT_CONVERSION = YES;
				CLANG_WARN_DIRECT_OBJC_ISA_USAGE = YES_ERROR;
				CLANG_WARN_DOCUMENTATION_COMMENTS = YES;
				CLANG_WARN_EMPTY_BODY = YES;
				CLANG_WARN_ENUM_CONVERSION = YES;
				CLANG_WARN_INFINITE_RECURSION = YES;
				CLANG_WARN_INT_CONVERSION = YES;
				CLANG_WARN_OBJC_ROOT_CLASS = YES_ERROR;
				CLANG_WARN_SUSPICIOUS_MOVES = YES;
				CLANG_WARN_UNREACHABLE_CODE = YES;
				CLANG_WARN__DUPLICATE_METHOD_MATCH = YES;
				"CODE_SIGN_IDENTITY[sdk=iphoneos*]" = "iPhone Developer";
				COPY_PHASE_STRIP = NO;
				DEBUG_INFORMATION_FORMAT = dwarf;
				ENABLE_STRICT_OBJC_MSGSEND = YES;
				ENABLE_TESTABILITY = YES;
				GCC_C_LANGUAGE_STANDARD = gnu99;
				GCC_DYNAMIC_NO_PIC = NO;
				GCC_NO_COMMON_BLOCKS = YES;
				GCC_OPTIMIZATION_LEVEL = 0;
				GCC_PREPROCESSOR_DEFINITIONS = (
					"DEBUG=1",
					"$(inherited)",
				);
				GCC_WARN_64_TO_32_BIT_CONVERSION = YES;
				GCC_WARN_ABOUT_RETURN_TYPE = YES_ERROR;
				GCC_WARN_UNDECLARED_SELECTOR = YES;
				GCC_WARN_UNINITIALIZED_AUTOS = YES_AGGRESSIVE;
				GCC_WARN_UNUSED_FUNCTION = YES;
				GCC_WARN_UNUSED_VARIABLE = YES;
				IPHONEOS_DEPLOYMENT_TARGET = 10.1;
				MTL_ENABLE_DEBUG_INFO = YES;
				ONLY_ACTIVE_ARCH = YES;
				SDKROOT = iphoneos;
				SWIFT_ACTIVE_COMPILATION_CONDITIONS = DEBUG;
				SWIFT_OPTIMIZATION_LEVEL = "-Onone";
				TARGETED_DEVICE_FAMILY = "1,2";
			};
			name = Debug;
		};
		9EAD57F61E08D92B008C5099 /* Release */ = {
			isa = XCBuildConfiguration;
			buildSettings = {
				ALWAYS_SEARCH_USER_PATHS = NO;
				CLANG_ANALYZER_NONNULL = YES;
				CLANG_CXX_LANGUAGE_STANDARD = "gnu++0x";
				CLANG_CXX_LIBRARY = "libc++";
				CLANG_ENABLE_MODULES = YES;
				CLANG_ENABLE_OBJC_ARC = YES;
				CLANG_WARN_BOOL_CONVERSION = YES;
				CLANG_WARN_CONSTANT_CONVERSION = YES;
				CLANG_WARN_DIRECT_OBJC_ISA_USAGE = YES_ERROR;
				CLANG_WARN_DOCUMENTATION_COMMENTS = YES;
				CLANG_WARN_EMPTY_BODY = YES;
				CLANG_WARN_ENUM_CONVERSION = YES;
				CLANG_WARN_INFINITE_RECURSION = YES;
				CLANG_WARN_INT_CONVERSION = YES;
				CLANG_WARN_OBJC_ROOT_CLASS = YES_ERROR;
				CLANG_WARN_SUSPICIOUS_MOVES = YES;
				CLANG_WARN_UNREACHABLE_CODE = YES;
				CLANG_WARN__DUPLICATE_METHOD_MATCH = YES;
				"CODE_SIGN_IDENTITY[sdk=iphoneos*]" = "iPhone Developer";
				COPY_PHASE_STRIP = NO;
				DEBUG_INFORMATION_FORMAT = "dwarf-with-dsym";
				ENABLE_NS_ASSERTIONS = NO;
				ENABLE_STRICT_OBJC_MSGSEND = YES;
				GCC_C_LANGUAGE_STANDARD = gnu99;
				GCC_NO_COMMON_BLOCKS = YES;
				GCC_WARN_64_TO_32_BIT_CONVERSION = YES;
				GCC_WARN_ABOUT_RETURN_TYPE = YES_ERROR;
				GCC_WARN_UNDECLARED_SELECTOR = YES;
				GCC_WARN_UNINITIALIZED_AUTOS = YES_AGGRESSIVE;
				GCC_WARN_UNUSED_FUNCTION = YES;
				GCC_WARN_UNUSED_VARIABLE = YES;
				IPHONEOS_DEPLOYMENT_TARGET = 10.1;
				MTL_ENABLE_DEBUG_INFO = NO;
				SDKROOT = iphoneos;
				SWIFT_OPTIMIZATION_LEVEL = "-Owholemodule";
				TARGETED_DEVICE_FAMILY = "1,2";
				VALIDATE_PRODUCT = YES;
			};
			name = Release;
		};
		9EAD57F81E08D92B008C5099 /* Debug */ = {
			isa = XCBuildConfiguration;
			buildSettings = {
				ASSETCATALOG_COMPILER_APPICON_NAME = AppIcon;
				INFOPLIST_FILE = SizeMeUpSample/Info.plist;
				LD_RUNPATH_SEARCH_PATHS = "$(inherited) @executable_path/Frameworks";
				PRODUCT_BUNDLE_IDENTIFIER = br.com.apeiara.SizeMeUpSample;
				PRODUCT_NAME = "$(TARGET_NAME)";
				SWIFT_VERSION = 3.0;
			};
			name = Debug;
		};
		9EAD57F91E08D92B008C5099 /* Release */ = {
			isa = XCBuildConfiguration;
			buildSettings = {
				ASSETCATALOG_COMPILER_APPICON_NAME = AppIcon;
				INFOPLIST_FILE = SizeMeUpSample/Info.plist;
				LD_RUNPATH_SEARCH_PATHS = "$(inherited) @executable_path/Frameworks";
				PRODUCT_BUNDLE_IDENTIFIER = br.com.apeiara.SizeMeUpSample;
				PRODUCT_NAME = "$(TARGET_NAME)";
				SWIFT_VERSION = 3.0;
			};
			name = Release;
		};
/* End XCBuildConfiguration section */

/* Begin XCConfigurationList section */
		9EAD57E01E08D92B008C5099 /* Build configuration list for PBXProject "SizeMeUpSample" */ = {
			isa = XCConfigurationList;
			buildConfigurations = (
				9EAD57F51E08D92B008C5099 /* Debug */,
				9EAD57F61E08D92B008C5099 /* Release */,
			);
			defaultConfigurationIsVisible = 0;
			defaultConfigurationName = Release;
		};
		9EAD57F71E08D92B008C5099 /* Build configuration list for PBXNativeTarget "SizeMeUpSample" */ = {
			isa = XCConfigurationList;
			buildConfigurations = (
				9EAD57F81E08D92B008C5099 /* Debug */,
				9EAD57F91E08D92B008C5099 /* Release */,
			);
			defaultConfigurationIsVisible = 0;
		};
/* End XCConfigurationList section */
	};
	rootObject = 9EAD57DD1E08D92B008C5099 /* Project object */;
}
