// !$*UTF8*$!
{
	archiveVersion = 1;
	classes = {
	};
	objectVersion = 46;
	objects = {

/* Begin PBXBuildFile section */
		9E807F8D1E0C62E60086ACD0 /* AppDelegate.swift in Sources */ = {isa = PBXBuildFile; fileRef = 9E807F8C1E0C62E60086ACD0 /* AppDelegate.swift */; };
		9E807F8F1E0C62E60086ACD0 /* ViewController.swift in Sources */ = {isa = PBXBuildFile; fileRef = 9E807F8E1E0C62E60086ACD0 /* ViewController.swift */; };
		9E807F921E0C62E60086ACD0 /* Main.storyboard in Resources */ = {isa = PBXBuildFile; fileRef = 9E807F901E0C62E60086ACD0 /* Main.storyboard */; };
		9E807F941E0C62E60086ACD0 /* Assets.xcassets in Resources */ = {isa = PBXBuildFile; fileRef = 9E807F931E0C62E60086ACD0 /* Assets.xcassets */; };
		9E807F971E0C62E60086ACD0 /* LaunchScreen.storyboard in Resources */ = {isa = PBXBuildFile; fileRef = 9E807F951E0C62E60086ACD0 /* LaunchScreen.storyboard */; };
		9E807FA41E0C63840086ACD0 /* Person.swift in Sources */ = {isa = PBXBuildFile; fileRef = 9E807FA31E0C63840086ACD0 /* Person.swift */; };
		9E807FA61E0CA3FF0086ACD0 /* RoundedImageView.swift in Sources */ = {isa = PBXBuildFile; fileRef = 9E807FA51E0CA3FF0086ACD0 /* RoundedImageView.swift */; };
/* End PBXBuildFile section */

/* Begin PBXFileReference section */
		9E807F891E0C62E60086ACD0 /* MVCSample.app */ = {isa = PBXFileReference; explicitFileType = wrapper.application; includeInIndex = 0; path = MVCSample.app; sourceTree = BUILT_PRODUCTS_DIR; };
		9E807F8C1E0C62E60086ACD0 /* AppDelegate.swift */ = {isa = PBXFileReference; lastKnownFileType = sourcecode.swift; path = AppDelegate.swift; sourceTree = "<group>"; };
		9E807F8E1E0C62E60086ACD0 /* ViewController.swift */ = {isa = PBXFileReference; lastKnownFileType = sourcecode.swift; path = ViewController.swift; sourceTree = "<group>"; };
		9E807F911E0C62E60086ACD0 /* Base */ = {isa = PBXFileReference; lastKnownFileType = file.storyboard; name = Base; path = Base.lproj/Main.storyboard; sourceTree = "<group>"; };
		9E807F931E0C62E60086ACD0 /* Assets.xcassets */ = {isa = PBXFileReference; lastKnownFileType = folder.assetcatalog; path = Assets.xcassets; sourceTree = "<group>"; };
		9E807F961E0C62E60086ACD0 /* Base */ = {isa = PBXFileReference; lastKnownFileType = file.storyboard; name = Base; path = Base.lproj/LaunchScreen.storyboard; sourceTree = "<group>"; };
		9E807F981E0C62E60086ACD0 /* Info.plist */ = {isa = PBXFileReference; lastKnownFileType = text.plist.xml; path = Info.plist; sourceTree = "<group>"; };
		9E807FA31E0C63840086ACD0 /* Person.swift */ = {isa = PBXFileReference; fileEncoding = 4; lastKnownFileType = sourcecode.swift; path = Person.swift; sourceTree = "<group>"; };
		9E807FA51E0CA3FF0086ACD0 /* RoundedImageView.swift */ = {isa = PBXFileReference; fileEncoding = 4; lastKnownFileType = sourcecode.swift; path = RoundedImageView.swift; sourceTree = "<group>"; };
/* End PBXFileReference section */

/* Begin PBXFrameworksBuildPhase section */
		9E807F861E0C62E60086ACD0 /* Frameworks */ = {
			isa = PBXFrameworksBuildPhase;
			buildActionMask = 2147483647;
			files = (
			);
			runOnlyForDeploymentPostprocessing = 0;
		};
/* End PBXFrameworksBuildPhase section */

/* Begin PBXGroup section */
		9E807F801E0C62E60086ACD0 = {
			isa = PBXGroup;
			children = (
				9E807F8B1E0C62E60086ACD0 /* MVCSample */,
				9E807F8A1E0C62E60086ACD0 /* Products */,
			);
			sourceTree = "<group>";
		};
		9E807F8A1E0C62E60086ACD0 /* Products */ = {
			isa = PBXGroup;
			children = (
				9E807F891E0C62E60086ACD0 /* MVCSample.app */,
			);
			name = Products;
			sourceTree = "<group>";
		};
		9E807F8B1E0C62E60086ACD0 /* MVCSample */ = {
			isa = PBXGroup;
			children = (
				9E807FA21E0C63600086ACD0 /* Util */,
				9E807FA11E0C63580086ACD0 /* Resources */,
				9E807FA01E0C63370086ACD0 /* Model */,
				9E807F9F1E0C63340086ACD0 /* View */,
				9E807F9E1E0C632D0086ACD0 /* Controller */,
				9E807F8C1E0C62E60086ACD0 /* AppDelegate.swift */,
				9E807F901E0C62E60086ACD0 /* Main.storyboard */,
				9E807F931E0C62E60086ACD0 /* Assets.xcassets */,
				9E807F951E0C62E60086ACD0 /* LaunchScreen.storyboard */,
				9E807F981E0C62E60086ACD0 /* Info.plist */,
			);
			path = MVCSample;
			sourceTree = "<group>";
		};
		9E807F9E1E0C632D0086ACD0 /* Controller */ = {
			isa = PBXGroup;
			children = (
				9E807F8E1E0C62E60086ACD0 /* ViewController.swift */,
			);
			name = Controller;
			sourceTree = "<group>";
		};
		9E807F9F1E0C63340086ACD0 /* View */ = {
			isa = PBXGroup;
			children = (
				9E807FA51E0CA3FF0086ACD0 /* RoundedImageView.swift */,
			);
			name = View;
			sourceTree = "<group>";
		};
		9E807FA01E0C63370086ACD0 /* Model */ = {
			isa = PBXGroup;
			children = (
				9E807FA31E0C63840086ACD0 /* Person.swift */,
			);
			name = Model;
			sourceTree = "<group>";
		};
		9E807FA11E0C63580086ACD0 /* Resources */ = {
			isa = PBXGroup;
			children = (
			);
			name = Resources;
			sourceTree = "<group>";
		};
		9E807FA21E0C63600086ACD0 /* Util */ = {
			isa = PBXGroup;
			children = (
			);
			name = Util;
			sourceTree = "<group>";
		};
/* End PBXGroup section */

/* Begin PBXNativeTarget section */
		9E807F881E0C62E60086ACD0 /* MVCSample */ = {
			isa = PBXNativeTarget;
			buildConfigurationList = 9E807F9B1E0C62E60086ACD0 /* Build configuration list for PBXNativeTarget "MVCSample" */;
			buildPhases = (
				9E807F851E0C62E60086ACD0 /* Sources */,
				9E807F861E0C62E60086ACD0 /* Frameworks */,
				9E807F871E0C62E60086ACD0 /* Resources */,
			);
			buildRules = (
			);
			dependencies = (
			);
			name = MVCSample;
			productName = MVCSample;
			productReference = 9E807F891E0C62E60086ACD0 /* MVCSample.app */;
			productType = "com.apple.product-type.application";
		};
/* End PBXNativeTarget section */

/* Begin PBXProject section */
		9E807F811E0C62E60086ACD0 /* Project object */ = {
			isa = PBXProject;
			attributes = {
				LastSwiftUpdateCheck = 0820;
				LastUpgradeCheck = 0820;
				ORGANIZATIONNAME = "Guilherme Ruiz";
				TargetAttributes = {
					9E807F881E0C62E60086ACD0 = {
						CreatedOnToolsVersion = 8.2.1;
						ProvisioningStyle = Automatic;
					};
				};
			};
			buildConfigurationList = 9E807F841E0C62E60086ACD0 /* Build configuration list for PBXProject "MVCSample" */;
			compatibilityVersion = "Xcode 3.2";
			developmentRegion = English;
			hasScannedForEncodings = 0;
			knownRegions = (
				en,
				Base,
			);
			mainGroup = 9E807F801E0C62E60086ACD0;
			productRefGroup = 9E807F8A1E0C62E60086ACD0 /* Products */;
			projectDirPath = "";
			projectRoot = "";
			targets = (
				9E807F881E0C62E60086ACD0 /* MVCSample */,
			);
		};
/* End PBXProject section */

/* Begin PBXResourcesBuildPhase section */
		9E807F871E0C62E60086ACD0 /* Resources */ = {
			isa = PBXResourcesBuildPhase;
			buildActionMask = 2147483647;
			files = (
				9E807F971E0C62E60086ACD0 /* LaunchScreen.storyboard in Resources */,
				9E807F941E0C62E60086ACD0 /* Assets.xcassets in Resources */,
				9E807F921E0C62E60086ACD0 /* Main.storyboard in Resources */,
			);
			runOnlyForDeploymentPostprocessing = 0;
		};
/* End PBXResourcesBuildPhase section */

/* Begin PBXSourcesBuildPhase section */
		9E807F851E0C62E60086ACD0 /* Sources */ = {
			isa = PBXSourcesBuildPhase;
			buildActionMask = 2147483647;
			files = (
				9E807FA61E0CA3FF0086ACD0 /* RoundedImageView.swift in Sources */,
				9E807FA41E0C63840086ACD0 /* Person.swift in Sources */,
				9E807F8F1E0C62E60086ACD0 /* ViewController.swift in Sources */,
				9E807F8D1E0C62E60086ACD0 /* AppDelegate.swift in Sources */,
			);
			runOnlyForDeploymentPostprocessing = 0;
		};
/* End PBXSourcesBuildPhase section */

/* Begin PBXVariantGroup section */
		9E807F901E0C62E60086ACD0 /* Main.storyboard */ = {
			isa = PBXVariantGroup;
			children = (
				9E807F911E0C62E60086ACD0 /* Base */,
			);
			name = Main.storyboard;
			sourceTree = "<group>";
		};
		9E807F951E0C62E60086ACD0 /* LaunchScreen.storyboard */ = {
			isa = PBXVariantGroup;
			children = (
				9E807F961E0C62E60086ACD0 /* Base */,
			);
			name = LaunchScreen.storyboard;
			sourceTree = "<group>";
		};
/* End PBXVariantGroup section */

/* Begin XCBuildConfiguration section */
		9E807F991E0C62E60086ACD0 /* Debug */ = {
			isa = XCBuildConfiguration;
			buildSettings = {
				ALWAYS_SEARCH_USER_PATHS = NO;
				CLANG_ANALYZER_NONNULL = YES;
				CLANG_CXX_LANGUAGE_STANDARD = "gnu++0x";
				CLANG_CXX_LIBRARY = "libc++";
				CLANG_ENABLE_MODULES = YES;
				CLANG_ENABLE_OBJC_ARC = YES;
				CLANG_WARN_BOOL_CONVERSION = YES;
				CLANG_WARN_CONSTANT_CONVERSION = YES;
				CLANG_WARN_DIRECT_OBJC_ISA_USAGE = YES_ERROR;
				CLANG_WARN_DOCUMENTATION_COMMENTS = YES;
				CLANG_WARN_EMPTY_BODY = YES;
				CLANG_WARN_ENUM_CONVERSION = YES;
				CLANG_WARN_INFINITE_RECURSION = YES;
				CLANG_WARN_INT_CONVERSION = YES;
				CLANG_WARN_OBJC_ROOT_CLASS = YES_ERROR;
				CLANG_WARN_SUSPICIOUS_MOVE = YES;
				CLANG_WARN_UNREACHABLE_CODE = YES;
				CLANG_WARN__DUPLICATE_METHOD_MATCH = YES;
				"CODE_SIGN_IDENTITY[sdk=iphoneos*]" = "iPhone Developer";
				COPY_PHASE_STRIP = NO;
				DEBUG_INFORMATION_FORMAT = dwarf;
				ENABLE_STRICT_OBJC_MSGSEND = YES;
				ENABLE_TESTABILITY = YES;
				GCC_C_LANGUAGE_STANDARD = gnu99;
				GCC_DYNAMIC_NO_PIC = NO;
				GCC_NO_COMMON_BLOCKS = YES;
				GCC_OPTIMIZATION_LEVEL = 0;
				GCC_PREPROCESSOR_DEFINITIONS = (
					"DEBUG=1",
					"$(inherited)",
				);
				GCC_WARN_64_TO_32_BIT_CONVERSION = YES;
				GCC_WARN_ABOUT_RETURN_TYPE = YES_ERROR;
				GCC_WARN_UNDECLARED_SELECTOR = YES;
				GCC_WARN_UNINITIALIZED_AUTOS = YES_AGGRESSIVE;
				GCC_WARN_UNUSED_FUNCTION = YES;
				GCC_WARN_UNUSED_VARIABLE = YES;
				IPHONEOS_DEPLOYMENT_TARGET = 10.2;
				MTL_ENABLE_DEBUG_INFO = YES;
				ONLY_ACTIVE_ARCH = YES;
				SDKROOT = iphoneos;
				SWIFT_ACTIVE_COMPILATION_CONDITIONS = DEBUG;
				SWIFT_OPTIMIZATION_LEVEL = "-Onone";
				TARGETED_DEVICE_FAMILY = "1,2";
			};
			name = Debug;
		};
		9E807F9A1E0C62E60086ACD0 /* Release */ = {
			isa = XCBuildConfiguration;
			buildSettings = {
				ALWAYS_SEARCH_USER_PATHS = NO;
				CLANG_ANALYZER_NONNULL = YES;
				CLANG_CXX_LANGUAGE_STANDARD = "gnu++0x";
				CLANG_CXX_LIBRARY = "libc++";
				CLANG_ENABLE_MODULES = YES;
				CLANG_ENABLE_OBJC_ARC = YES;
				CLANG_WARN_BOOL_CONVERSION = YES;
				CLANG_WARN_CONSTANT_CONVERSION = YES;
				CLANG_WARN_DIRECT_OBJC_ISA_USAGE = YES_ERROR;
				CLANG_WARN_DOCUMENTATION_COMMENTS = YES;
				CLANG_WARN_EMPTY_BODY = YES;
				CLANG_WARN_ENUM_CONVERSION = YES;
				CLANG_WARN_INFINITE_RECURSION = YES;
				CLANG_WARN_INT_CONVERSION = YES;
				CLANG_WARN_OBJC_ROOT_CLASS = YES_ERROR;
				CLANG_WARN_SUSPICIOUS_MOVE = YES;
				CLANG_WARN_UNREACHABLE_CODE = YES;
				CLANG_WARN__DUPLICATE_METHOD_MATCH = YES;
				"CODE_SIGN_IDENTITY[sdk=iphoneos*]" = "iPhone Developer";
				COPY_PHASE_STRIP = NO;
				DEBUG_INFORMATION_FORMAT = "dwarf-with-dsym";
				ENABLE_NS_ASSERTIONS = NO;
				ENABLE_STRICT_OBJC_MSGSEND = YES;
				GCC_C_LANGUAGE_STANDARD = gnu99;
				GCC_NO_COMMON_BLOCKS = YES;
				GCC_WARN_64_TO_32_BIT_CONVERSION = YES;
				GCC_WARN_ABOUT_RETURN_TYPE = YES_ERROR;
				GCC_WARN_UNDECLARED_SELECTOR = YES;
				GCC_WARN_UNINITIALIZED_AUTOS = YES_AGGRESSIVE;
				GCC_WARN_UNUSED_FUNCTION = YES;
				GCC_WARN_UNUSED_VARIABLE = YES;
				IPHONEOS_DEPLOYMENT_TARGET = 10.2;
				MTL_ENABLE_DEBUG_INFO = NO;
				SDKROOT = iphoneos;
				SWIFT_OPTIMIZATION_LEVEL = "-Owholemodule";
				TARGETED_DEVICE_FAMILY = "1,2";
				VALIDATE_PRODUCT = YES;
			};
			name = Release;
		};
		9E807F9C1E0C62E60086ACD0 /* Debug */ = {
			isa = XCBuildConfiguration;
			buildSettings = {
				ASSETCATALOG_COMPILER_APPICON_NAME = AppIcon;
				INFOPLIST_FILE = MVCSample/Info.plist;
				LD_RUNPATH_SEARCH_PATHS = "$(inherited) @executable_path/Frameworks";
				PRODUCT_BUNDLE_IDENTIFIER = br.com.apeiara.MVCSample;
				PRODUCT_NAME = "$(TARGET_NAME)";
				SWIFT_VERSION = 3.0;
			};
			name = Debug;
		};
		9E807F9D1E0C62E60086ACD0 /* Release */ = {
			isa = XCBuildConfiguration;
			buildSettings = {
				ASSETCATALOG_COMPILER_APPICON_NAME = AppIcon;
				INFOPLIST_FILE = MVCSample/Info.plist;
				LD_RUNPATH_SEARCH_PATHS = "$(inherited) @executable_path/Frameworks";
				PRODUCT_BUNDLE_IDENTIFIER = br.com.apeiara.MVCSample;
				PRODUCT_NAME = "$(TARGET_NAME)";
				SWIFT_VERSION = 3.0;
			};
			name = Release;
		};
/* End XCBuildConfiguration section */

/* Begin XCConfigurationList section */
		9E807F841E0C62E60086ACD0 /* Build configuration list for PBXProject "MVCSample" */ = {
			isa = XCConfigurationList;
			buildConfigurations = (
				9E807F991E0C62E60086ACD0 /* Debug */,
				9E807F9A1E0C62E60086ACD0 /* Release */,
			);
			defaultConfigurationIsVisible = 0;
			defaultConfigurationName = Release;
		};
		9E807F9B1E0C62E60086ACD0 /* Build configuration list for PBXNativeTarget "MVCSample" */ = {
			isa = XCConfigurationList;
			buildConfigurations = (
				9E807F9C1E0C62E60086ACD0 /* Debug */,
				9E807F9D1E0C62E60086ACD0 /* Release */,
			);
			defaultConfigurationIsVisible = 0;
		};
/* End XCConfigurationList section */
	};
	rootObject = 9E807F811E0C62E60086ACD0 /* Project object */;
}
